Microsoft Visual Studio Solution File, Format Version 12.00
# Visual Studio Version 17
VisualStudioVersion = 17.5.2.0
MinimumVisualStudioVersion = 10.0.40219.1
Project("{FAE04EC0-301F-11D3-BF4B-00C04F79EFBC}") = "MedStock.API", "MedStock.API.csproj", "{9E5AE750-2D9C-EF98-B5F0-6B31E47013FE}"
EndProject
Global
	GlobalSection(SolutionConfigurationPlatforms) = preSolution
		Debug|Any CPU = Debug|Any CPU
		Release|Any CPU = Release|Any CPU
	EndGlobalSection
	GlobalSection(ProjectConfigurationPlatforms) = postSolution
		{9E5AE750-2D9C-EF98-B5F0-6B31E47013FE}.Debug|Any CPU.ActiveCfg = Debug|Any CPU
		{9E5AE750-2D9C-EF98-B5F0-6B31E47013FE}.Debug|Any CPU.Build.0 = Debug|Any CPU
		{9E5AE750-2D9C-EF98-B5F0-6B31E47013FE}.Release|Any CPU.ActiveCfg = Release|Any CPU
		{9E5AE750-2D9C-EF98-B5F0-6B31E47013FE}.Release|Any CPU.Build.0 = Release|Any CPU
	EndGlobalSection
	GlobalSection(SolutionProperties) = preSolution
		HideSolutionNode = FALSE
	EndGlobalSection
	GlobalSection(ExtensibilityGlobals) = postSolution
		SolutionGuid = {EBFBDD91-77C0-49E0-9709-64DDE37E1D50}
	EndGlobalSection
EndGlobal
